// !$*UTF8*$!
{
	archiveVersion = 1;
	classes = {
	};
	objectVersion = 46;
	objects = {

/* Begin PBXBuildFile section */
		335044E91A1315AA003916BE /* AppDelegate.swift in Sources */ = {isa = PBXBuildFile; fileRef = 335044E81A1315AA003916BE /* AppDelegate.swift */; };
		335044EB1A1315AA003916BE /* ViewController.swift in Sources */ = {isa = PBXBuildFile; fileRef = 335044EA1A1315AA003916BE /* ViewController.swift */; };
		335044EE1A1315AA003916BE /* Main.storyboard in Resources */ = {isa = PBXBuildFile; fileRef = 335044EC1A1315AA003916BE /* Main.storyboard */; };
		335044F01A1315AA003916BE /* Images.xcassets in Resources */ = {isa = PBXBuildFile; fileRef = 335044EF1A1315AA003916BE /* Images.xcassets */; };
		335044F31A1315AA003916BE /* LaunchScreen.xib in Resources */ = {isa = PBXBuildFile; fileRef = 335044F11A1315AA003916BE /* LaunchScreen.xib */; };
		335044FF1A1315AA003916BE /* PostcardTests.swift in Sources */ = {isa = PBXBuildFile; fileRef = 335044FE1A1315AA003916BE /* PostcardTests.swift */; };
/* End PBXBuildFile section */

/* Begin PBXContainerItemProxy section */
		335044F91A1315AA003916BE /* PBXContainerItemProxy */ = {
			isa = PBXContainerItemProxy;
			containerPortal = 335044DB1A1315AA003916BE /* Project object */;
			proxyType = 1;
			remoteGlobalIDString = 335044E21A1315AA003916BE;
			remoteInfo = Postcard;
		};
/* End PBXContainerItemProxy section */

/* Begin PBXFileReference section */
		335044E31A1315AA003916BE /* Postcard.app */ = {isa = PBXFileReference; explicitFileType = wrapper.application; includeInIndex = 0; path = Postcard.app; sourceTree = BUILT_PRODUCTS_DIR; };
		335044E71A1315AA003916BE /* Info.plist */ = {isa = PBXFileReference; lastKnownFileType = text.plist.xml; path = Info.plist; sourceTree = "<group>"; };
		335044E81A1315AA003916BE /* AppDelegate.swift */ = {isa = PBXFileReference; lastKnownFileType = sourcecode.swift; path = AppDelegate.swift; sourceTree = "<group>"; };
		335044EA1A1315AA003916BE /* ViewController.swift */ = {isa = PBXFileReference; lastKnownFileType = sourcecode.swift; path = ViewController.swift; sourceTree = "<group>"; };
		335044ED1A1315AA003916BE /* Base */ = {isa = PBXFileReference; lastKnownFileType = file.storyboard; name = Base; path = Base.lproj/Main.storyboard; sourceTree = "<group>"; };
		335044EF1A1315AA003916BE /* Images.xcassets */ = {isa = PBXFileReference; lastKnownFileType = folder.assetcatalog; path = Images.xcassets; sourceTree = "<group>"; };
		335044F21A1315AA003916BE /* Base */ = {isa = PBXFileReference; lastKnownFileType = file.xib; name = Base; path = Base.lproj/LaunchScreen.xib; sourceTree = "<group>"; };
		335044F81A1315AA003916BE /* PostcardTests.xctest */ = {isa = PBXFileReference; explicitFileType = wrapper.cfbundle; includeInIndex = 0; path = PostcardTests.xctest; sourceTree = BUILT_PRODUCTS_DIR; };
		335044FD1A1315AA003916BE /* Info.plist */ = {isa = PBXFileReference; lastKnownFileType = text.plist.xml; path = Info.plist; sourceTree = "<group>"; };
		335044FE1A1315AA003916BE /* PostcardTests.swift */ = {isa = PBXFileReference; lastKnownFileType = sourcecode.swift; path = PostcardTests.swift; sourceTree = "<group>"; };
/* End PBXFileReference section */

/* Begin PBXFrameworksBuildPhase section */
		335044E01A1315AA003916BE /* Frameworks */ = {
			isa = PBXFrameworksBuildPhase;
			buildActionMask = 2147483647;
			files = (
			);
			runOnlyForDeploymentPostprocessing = 0;
		};
		335044F51A1315AA003916BE /* Frameworks */ = {
			isa = PBXFrameworksBuildPhase;
			buildActionMask = 2147483647;
			files = (
			);
			runOnlyForDeploymentPostprocessing = 0;
		};
/* End PBXFrameworksBuildPhase section */

/* Begin PBXGroup section */
		335044DA1A1315AA003916BE = {
			isa = PBXGroup;
			children = (
				335044E51A1315AA003916BE /* Postcard */,
				335044FB1A1315AA003916BE /* PostcardTests */,
				335044E41A1315AA003916BE /* Products */,
			);
			sourceTree = "<group>";
		};
		335044E41A1315AA003916BE /* Products */ = {
			isa = PBXGroup;
			children = (
				335044E31A1315AA003916BE /* Postcard.app */,
				335044F81A1315AA003916BE /* PostcardTests.xctest */,
			);
			name = Products;
			sourceTree = "<group>";
		};
		335044E51A1315AA003916BE /* Postcard */ = {
			isa = PBXGroup;
			children = (
				335044E81A1315AA003916BE /* AppDelegate.swift */,
				335044EA1A1315AA003916BE /* ViewController.swift */,
				335044EC1A1315AA003916BE /* Main.storyboard */,
				335044EF1A1315AA003916BE /* Images.xcassets */,
				335044F11A1315AA003916BE /* LaunchScreen.xib */,
				335044E61A1315AA003916BE /* Supporting Files */,
			);
			path = Postcard;
			sourceTree = "<group>";
		};
		335044E61A1315AA003916BE /* Supporting Files */ = {
			isa = PBXGroup;
			children = (
				335044E71A1315AA003916BE /* Info.plist */,
			);
			name = "Supporting Files";
			sourceTree = "<group>";
		};
		335044FB1A1315AA003916BE /* PostcardTests */ = {
			isa = PBXGroup;
			children = (
				335044FE1A1315AA003916BE /* PostcardTests.swift */,
				335044FC1A1315AA003916BE /* Supporting Files */,
			);
			path = PostcardTests;
			sourceTree = "<group>";
		};
		335044FC1A1315AA003916BE /* Supporting Files */ = {
			isa = PBXGroup;
			children = (
				335044FD1A1315AA003916BE /* Info.plist */,
			);
			name = "Supporting Files";
			sourceTree = "<group>";
		};
/* End PBXGroup section */

/* Begin PBXNativeTarget section */
		335044E21A1315AA003916BE /* Postcard */ = {
			isa = PBXNativeTarget;
			buildConfigurationList = 335045021A1315AA003916BE /* Build configuration list for PBXNativeTarget "Postcard" */;
			buildPhases = (
				335044DF1A1315AA003916BE /* Sources */,
				335044E01A1315AA003916BE /* Frameworks */,
				335044E11A1315AA003916BE /* Resources */,
			);
			buildRules = (
			);
			dependencies = (
			);
			name = Postcard;
			productName = Postcard;
			productReference = 335044E31A1315AA003916BE /* Postcard.app */;
			productType = "com.apple.product-type.application";
		};
		335044F71A1315AA003916BE /* PostcardTests */ = {
			isa = PBXNativeTarget;
			buildConfigurationList = 335045051A1315AA003916BE /* Build configuration list for PBXNativeTarget "PostcardTests" */;
			buildPhases = (
				335044F41A1315AA003916BE /* Sources */,
				335044F51A1315AA003916BE /* Frameworks */,
				335044F61A1315AA003916BE /* Resources */,
			);
			buildRules = (
			);
			dependencies = (
				335044FA1A1315AA003916BE /* PBXTargetDependency */,
			);
			name = PostcardTests;
			productName = PostcardTests;
			productReference = 335044F81A1315AA003916BE /* PostcardTests.xctest */;
			productType = "com.apple.product-type.bundle.unit-test";
		};
/* End PBXNativeTarget section */

/* Begin PBXProject section */
		335044DB1A1315AA003916BE /* Project object */ = {
			isa = PBXProject;
			attributes = {
				LastUpgradeCheck = 0610;
				ORGANIZATIONNAME = "Rob Passaro";
				TargetAttributes = {
					335044E21A1315AA003916BE = {
						CreatedOnToolsVersion = 6.1;
					};
					335044F71A1315AA003916BE = {
						CreatedOnToolsVersion = 6.1;
						TestTargetID = 335044E21A1315AA003916BE;
					};
				};
			};
			buildConfigurationList = 335044DE1A1315AA003916BE /* Build configuration list for PBXProject "Postcard" */;
			compatibilityVersion = "Xcode 3.2";
			developmentRegion = English;
			hasScannedForEncodings = 0;
			knownRegions = (
				en,
				Base,
			);
			mainGroup = 335044DA1A1315AA003916BE;
			productRefGroup = 335044E41A1315AA003916BE /* Products */;
			projectDirPath = "";
			projectRoot = "";
			targets = (
				335044E21A1315AA003916BE /* Postcard */,
				335044F71A1315AA003916BE /* PostcardTests */,
			);
		};
/* End PBXProject section */

/* Begin PBXResourcesBuildPhase section */
		335044E11A1315AA003916BE /* Resources */ = {
			isa = PBXResourcesBuildPhase;
			buildActionMask = 2147483647;
			files = (
				335044EE1A1315AA003916BE /* Main.storyboard in Resources */,
				335044F31A1315AA003916BE /* LaunchScreen.xib in Resources */,
				335044F01A1315AA003916BE /* Images.xcassets in Resources */,
			);
			runOnlyForDeploymentPostprocessing = 0;
		};
		335044F61A1315AA003916BE /* Resources */ = {
			isa = PBXResourcesBuildPhase;
			buildActionMask = 2147483647;
			files = (
			);
			runOnlyForDeploymentPostprocessing = 0;
		};
/* End PBXResourcesBuildPhase section */

/* Begin PBXSourcesBuildPhase section */
		335044DF1A1315AA003916BE /* Sources */ = {
			isa = PBXSourcesBuildPhase;
			buildActionMask = 2147483647;
			files = (
				335044EB1A1315AA003916BE /* ViewController.swift in Sources */,
				335044E91A1315AA003916BE /* AppDelegate.swift in Sources */,
			);
			runOnlyForDeploymentPostprocessing = 0;
		};
		335044F41A1315AA003916BE /* Sources */ = {
			isa = PBXSourcesBuildPhase;
			buildActionMask = 2147483647;
			files = (
				335044FF1A1315AA003916BE /* PostcardTests.swift in Sources */,
			);
			runOnlyForDeploymentPostprocessing = 0;
		};
/* End PBXSourcesBuildPhase section */

/* Begin PBXTargetDependency section */
		335044FA1A1315AA003916BE /* PBXTargetDependency */ = {
			isa = PBXTargetDependency;
			target = 335044E21A1315AA003916BE /* Postcard */;
			targetProxy = 335044F91A1315AA003916BE /* PBXContainerItemProxy */;
		};
/* End PBXTargetDependency section */

/* Begin PBXVariantGroup section */
		335044EC1A1315AA003916BE /* Main.storyboard */ = {
			isa = PBXVariantGroup;
			children = (
				335044ED1A1315AA003916BE /* Base */,
			);
			name = Main.storyboard;
			sourceTree = "<group>";
		};
		335044F11A1315AA003916BE /* LaunchScreen.xib */ = {
			isa = PBXVariantGroup;
			children = (
				335044F21A1315AA003916BE /* Base */,
			);
			name = LaunchScreen.xib;
			sourceTree = "<group>";
		};
/* End PBXVariantGroup section */

/* Begin XCBuildConfiguration section */
		335045001A1315AA003916BE /* Debug */ = {
			isa = XCBuildConfiguration;
			buildSettings = {
				ALWAYS_SEARCH_USER_PATHS = NO;
				CLANG_CXX_LANGUAGE_STANDARD = "gnu++0x";
				CLANG_CXX_LIBRARY = "libc++";
				CLANG_ENABLE_MODULES = YES;
				CLANG_ENABLE_OBJC_ARC = YES;
				CLANG_WARN_BOOL_CONVERSION = YES;
				CLANG_WARN_CONSTANT_CONVERSION = YES;
				CLANG_WARN_DIRECT_OBJC_ISA_USAGE = YES_ERROR;
				CLANG_WARN_EMPTY_BODY = YES;
				CLANG_WARN_ENUM_CONVERSION = YES;
				CLANG_WARN_INT_CONVERSION = YES;
				CLANG_WARN_OBJC_ROOT_CLASS = YES_ERROR;
				CLANG_WARN_UNREACHABLE_CODE = YES;
				CLANG_WARN__DUPLICATE_METHOD_MATCH = YES;
				"CODE_SIGN_IDENTITY[sdk=iphoneos*]" = "iPhone Developer";
				COPY_PHASE_STRIP = NO;
				ENABLE_STRICT_OBJC_MSGSEND = YES;
				GCC_C_LANGUAGE_STANDARD = gnu99;
				GCC_DYNAMIC_NO_PIC = NO;
				GCC_OPTIMIZATION_LEVEL = 0;
				GCC_PREPROCESSOR_DEFINITIONS = (
					"DEBUG=1",
					"$(inherited)",
				);
				GCC_SYMBOLS_PRIVATE_EXTERN = NO;
				GCC_WARN_64_TO_32_BIT_CONVERSION = YES;
				GCC_WARN_ABOUT_RETURN_TYPE = YES_ERROR;
				GCC_WARN_UNDECLARED_SELECTOR = YES;
				GCC_WARN_UNINITIALIZED_AUTOS = YES_AGGRESSIVE;
				GCC_WARN_UNUSED_FUNCTION = YES;
				GCC_WARN_UNUSED_VARIABLE = YES;
				IPHONEOS_DEPLOYMENT_TARGET = 8.1;
				MTL_ENABLE_DEBUG_INFO = YES;
				ONLY_ACTIVE_ARCH = YES;
				SDKROOT = iphoneos;
				SWIFT_OPTIMIZATION_LEVEL = "-Onone";
				TARGETED_DEVICE_FAMILY = "1,2";
			};
			name = Debug;
		};
		335045011A1315AA003916BE /* Release */ = {
			isa = XCBuildConfiguration;
			buildSettings = {
				ALWAYS_SEARCH_USER_PATHS = NO;
				CLANG_CXX_LANGUAGE_STANDARD = "gnu++0x";
				CLANG_CXX_LIBRARY = "libc++";
				CLANG_ENABLE_MODULES = YES;
				CLANG_ENABLE_OBJC_ARC = YES;
				CLANG_WARN_BOOL_CONVERSION = YES;
				CLANG_WARN_CONSTANT_CONVERSION = YES;
				CLANG_WARN_DIRECT_OBJC_ISA_USAGE = YES_ERROR;
				CLANG_WARN_EMPTY_BODY = YES;
				CLANG_WARN_ENUM_CONVERSION = YES;
				CLANG_WARN_INT_CONVERSION = YES;
				CLANG_WARN_OBJC_ROOT_CLASS = YES_ERROR;
				CLANG_WARN_UNREACHABLE_CODE = YES;
				CLANG_WARN__DUPLICATE_METHOD_MATCH = YES;
				"CODE_SIGN_IDENTITY[sdk=iphoneos*]" = "iPhone Developer";
				COPY_PHASE_STRIP = YES;
				ENABLE_NS_ASSERTIONS = NO;
				ENABLE_STRICT_OBJC_MSGSEND = YES;
				GCC_C_LANGUAGE_STANDARD = gnu99;
				GCC_WARN_64_TO_32_BIT_CONVERSION = YES;
				GCC_WARN_ABOUT_RETURN_TYPE = YES_ERROR;
				GCC_WARN_UNDECLARED_SELECTOR = YES;
				GCC_WARN_UNINITIALIZED_AUTOS = YES_AGGRESSIVE;
				GCC_WARN_UNUSED_FUNCTION = YES;
				GCC_WARN_UNUSED_VARIABLE = YES;
				IPHONEOS_DEPLOYMENT_TARGET = 8.1;
				MTL_ENABLE_DEBUG_INFO = NO;
				SDKROOT = iphoneos;
				TARGETED_DEVICE_FAMILY = "1,2";
				VALIDATE_PRODUCT = YES;
			};
			name = Release;
		};
		335045031A1315AA003916BE /* Debug */ = {
			isa = XCBuildConfiguration;
			buildSettings = {
				ASSETCATALOG_COMPILER_APPICON_NAME = AppIcon;
				INFOPLIST_FILE = Postcard/Info.plist;
				LD_RUNPATH_SEARCH_PATHS = "$(inherited) @executable_path/Frameworks";
				PRODUCT_NAME = "$(TARGET_NAME)";
			};
			name = Debug;
		};
		335045041A1315AA003916BE /* Release */ = {
			isa = XCBuildConfiguration;
			buildSettings = {
				ASSETCATALOG_COMPILER_APPICON_NAME = AppIcon;
				INFOPLIST_FILE = Postcard/Info.plist;
				LD_RUNPATH_SEARCH_PATHS = "$(inherited) @executable_path/Frameworks";
				PRODUCT_NAME = "$(TARGET_NAME)";
			};
			name = Release;
		};
		335045061A1315AA003916BE /* Debug */ = {
			isa = XCBuildConfiguration;
			buildSettings = {
				BUNDLE_LOADER = "$(TEST_HOST)";
				FRAMEWORK_SEARCH_PATHS = (
					"$(SDKROOT)/Developer/Library/Frameworks",
					"$(inherited)",
				);
				GCC_PREPROCESSOR_DEFINITIONS = (
					"DEBUG=1",
					"$(inherited)",
				);
				INFOPLIST_FILE = PostcardTests/Info.plist;
				LD_RUNPATH_SEARCH_PATHS = "$(inherited) @executable_path/Frameworks @loader_path/Frameworks";
				PRODUCT_NAME = "$(TARGET_NAME)";
				TEST_HOST = "$(BUILT_PRODUCTS_DIR)/Postcard.app/Postcard";
			};
			name = Debug;
		};
		335045071A1315AA003916BE /* Release */ = {
			isa = XCBuildConfiguration;
			buildSettings = {
				BUNDLE_LOADER = "$(TEST_HOST)";
				FRAMEWORK_SEARCH_PATHS = (
					"$(SDKROOT)/Developer/Library/Frameworks",
					"$(inherited)",
				);
				INFOPLIST_FILE = PostcardTests/Info.plist;
				LD_RUNPATH_SEARCH_PATHS = "$(inherited) @executable_path/Frameworks @loader_path/Frameworks";
				PRODUCT_NAME = "$(TARGET_NAME)";
				TEST_HOST = "$(BUILT_PRODUCTS_DIR)/Postcard.app/Postcard";
			};
			name = Release;
		};
/* End XCBuildConfiguration section */

/* Begin XCConfigurationList section */
		335044DE1A1315AA003916BE /* Build configuration list for PBXProject "Postcard" */ = {
			isa = XCConfigurationList;
			buildConfigurations = (
				335045001A1315AA003916BE /* Debug */,
				335045011A1315AA003916BE /* Release */,
			);
			defaultConfigurationIsVisible = 0;
			defaultConfigurationName = Release;
		};
		335045021A1315AA003916BE /* Build configuration list for PBXNativeTarget "Postcard" */ = {
			isa = XCConfigurationList;
			buildConfigurations = (
				335045031A1315AA003916BE /* Debug */,
				335045041A1315AA003916BE /* Release */,
			);
			defaultConfigurationIsVisible = 0;
		};
		335045051A1315AA003916BE /* Build configuration list for PBXNativeTarget "PostcardTests" */ = {
			isa = XCConfigurationList;
			buildConfigurations = (
				335045061A1315AA003916BE /* Debug */,
				335045071A1315AA003916BE /* Release */,
			);
			defaultConfigurationIsVisible = 0;
		};
/* End XCConfigurationList section */
	};
	rootObject = 335044DB1A1315AA003916BE /* Project object */;
}
